// !$*UTF8*$!
{
	archiveVersion = 1;
	classes = {
	};
	objectVersion = 50;
	objects = {

/* Begin PBXBuildFile section */
		8A0987F9268CCDAC00B8CBD0 /* AppDelegate.swift in Sources */ = {isa = PBXBuildFile; fileRef = 8A0987F8268CCDAC00B8CBD0 /* AppDelegate.swift */; };
		8A0987FB268CCDAC00B8CBD0 /* SceneDelegate.swift in Sources */ = {isa = PBXBuildFile; fileRef = 8A0987FA268CCDAC00B8CBD0 /* SceneDelegate.swift */; };
		8A0987FD268CCDAC00B8CBD0 /* ViewController.swift in Sources */ = {isa = PBXBuildFile; fileRef = 8A0987FC268CCDAC00B8CBD0 /* ViewController.swift */; };
		8A098800268CCDAC00B8CBD0 /* Main.storyboard in Resources */ = {isa = PBXBuildFile; fileRef = 8A0987FE268CCDAC00B8CBD0 /* Main.storyboard */; };
		8A098802268CCDAE00B8CBD0 /* Assets.xcassets in Resources */ = {isa = PBXBuildFile; fileRef = 8A098801268CCDAE00B8CBD0 /* Assets.xcassets */; };
		8A098805268CCDAE00B8CBD0 /* LaunchScreen.storyboard in Resources */ = {isa = PBXBuildFile; fileRef = 8A098803268CCDAE00B8CBD0 /* LaunchScreen.storyboard */; };
		8A098810268CCDAE00B8CBD0 /* MemoriesTests.swift in Sources */ = {isa = PBXBuildFile; fileRef = 8A09880F268CCDAE00B8CBD0 /* MemoriesTests.swift */; };
/* End PBXBuildFile section */

/* Begin PBXContainerItemProxy section */
		8A09880C268CCDAE00B8CBD0 /* PBXContainerItemProxy */ = {
			isa = PBXContainerItemProxy;
			containerPortal = 8A0987ED268CCDAC00B8CBD0 /* Project object */;
			proxyType = 1;
			remoteGlobalIDString = 8A0987F4268CCDAC00B8CBD0;
			remoteInfo = Memories;
		};
/* End PBXContainerItemProxy section */

/* Begin PBXFileReference section */
		8A0987F5268CCDAC00B8CBD0 /* Memories.app */ = {isa = PBXFileReference; explicitFileType = wrapper.application; includeInIndex = 0; path = Memories.app; sourceTree = BUILT_PRODUCTS_DIR; };
		8A0987F8268CCDAC00B8CBD0 /* AppDelegate.swift */ = {isa = PBXFileReference; lastKnownFileType = sourcecode.swift; path = AppDelegate.swift; sourceTree = "<group>"; };
		8A0987FA268CCDAC00B8CBD0 /* SceneDelegate.swift */ = {isa = PBXFileReference; lastKnownFileType = sourcecode.swift; path = SceneDelegate.swift; sourceTree = "<group>"; };
		8A0987FC268CCDAC00B8CBD0 /* ViewController.swift */ = {isa = PBXFileReference; lastKnownFileType = sourcecode.swift; path = ViewController.swift; sourceTree = "<group>"; };
		8A0987FF268CCDAC00B8CBD0 /* Base */ = {isa = PBXFileReference; lastKnownFileType = file.storyboard; name = Base; path = Base.lproj/Main.storyboard; sourceTree = "<group>"; };
		8A098801268CCDAE00B8CBD0 /* Assets.xcassets */ = {isa = PBXFileReference; lastKnownFileType = folder.assetcatalog; path = Assets.xcassets; sourceTree = "<group>"; };
		8A098804268CCDAE00B8CBD0 /* Base */ = {isa = PBXFileReference; lastKnownFileType = file.storyboard; name = Base; path = Base.lproj/LaunchScreen.storyboard; sourceTree = "<group>"; };
		8A098806268CCDAE00B8CBD0 /* Info.plist */ = {isa = PBXFileReference; lastKnownFileType = text.plist.xml; path = Info.plist; sourceTree = "<group>"; };
		8A09880B268CCDAE00B8CBD0 /* MemoriesTests.xctest */ = {isa = PBXFileReference; explicitFileType = wrapper.cfbundle; includeInIndex = 0; path = MemoriesTests.xctest; sourceTree = BUILT_PRODUCTS_DIR; };
		8A09880F268CCDAE00B8CBD0 /* MemoriesTests.swift */ = {isa = PBXFileReference; lastKnownFileType = sourcecode.swift; path = MemoriesTests.swift; sourceTree = "<group>"; };
		8A098811268CCDAE00B8CBD0 /* Info.plist */ = {isa = PBXFileReference; lastKnownFileType = text.plist.xml; path = Info.plist; sourceTree = "<group>"; };
/* End PBXFileReference section */

/* Begin PBXFrameworksBuildPhase section */
		8A0987F2268CCDAC00B8CBD0 /* Frameworks */ = {
			isa = PBXFrameworksBuildPhase;
			buildActionMask = 2147483647;
			files = (
			);
			runOnlyForDeploymentPostprocessing = 0;
		};
		8A098808268CCDAE00B8CBD0 /* Frameworks */ = {
			isa = PBXFrameworksBuildPhase;
			buildActionMask = 2147483647;
			files = (
			);
			runOnlyForDeploymentPostprocessing = 0;
		};
/* End PBXFrameworksBuildPhase section */

/* Begin PBXGroup section */
		8A0987EC268CCDAC00B8CBD0 = {
			isa = PBXGroup;
			children = (
				8A0987F7268CCDAC00B8CBD0 /* Memories */,
				8A09880E268CCDAE00B8CBD0 /* MemoriesTests */,
				8A0987F6268CCDAC00B8CBD0 /* Products */,
			);
			sourceTree = "<group>";
		};
		8A0987F6268CCDAC00B8CBD0 /* Products */ = {
			isa = PBXGroup;
			children = (
				8A0987F5268CCDAC00B8CBD0 /* Memories.app */,
				8A09880B268CCDAE00B8CBD0 /* MemoriesTests.xctest */,
			);
			name = Products;
			sourceTree = "<group>";
		};
		8A0987F7268CCDAC00B8CBD0 /* Memories */ = {
			isa = PBXGroup;
			children = (
				8A0987F8268CCDAC00B8CBD0 /* AppDelegate.swift */,
				8A0987FA268CCDAC00B8CBD0 /* SceneDelegate.swift */,
				8A0987FC268CCDAC00B8CBD0 /* ViewController.swift */,
				8A0987FE268CCDAC00B8CBD0 /* Main.storyboard */,
				8A098801268CCDAE00B8CBD0 /* Assets.xcassets */,
				8A098803268CCDAE00B8CBD0 /* LaunchScreen.storyboard */,
				8A098806268CCDAE00B8CBD0 /* Info.plist */,
			);
			path = Memories;
			sourceTree = "<group>";
		};
		8A09880E268CCDAE00B8CBD0 /* MemoriesTests */ = {
			isa = PBXGroup;
			children = (
				8A09880F268CCDAE00B8CBD0 /* MemoriesTests.swift */,
				8A098811268CCDAE00B8CBD0 /* Info.plist */,
			);
			path = MemoriesTests;
			sourceTree = "<group>";
		};
/* End PBXGroup section */

/* Begin PBXNativeTarget section */
		8A0987F4268CCDAC00B8CBD0 /* Memories */ = {
			isa = PBXNativeTarget;
			buildConfigurationList = 8A098814268CCDAE00B8CBD0 /* Build configuration list for PBXNativeTarget "Memories" */;
			buildPhases = (
				8A0987F1268CCDAC00B8CBD0 /* Sources */,
				8A0987F2268CCDAC00B8CBD0 /* Frameworks */,
				8A0987F3268CCDAC00B8CBD0 /* Resources */,
			);
			buildRules = (
			);
			dependencies = (
			);
			name = Memories;
			productName = Memories;
			productReference = 8A0987F5268CCDAC00B8CBD0 /* Memories.app */;
			productType = "com.apple.product-type.application";
		};
		8A09880A268CCDAE00B8CBD0 /* MemoriesTests */ = {
			isa = PBXNativeTarget;
			buildConfigurationList = 8A098817268CCDAE00B8CBD0 /* Build configuration list for PBXNativeTarget "MemoriesTests" */;
			buildPhases = (
				8A098807268CCDAE00B8CBD0 /* Sources */,
				8A098808268CCDAE00B8CBD0 /* Frameworks */,
				8A098809268CCDAE00B8CBD0 /* Resources */,
			);
			buildRules = (
			);
			dependencies = (
				8A09880D268CCDAE00B8CBD0 /* PBXTargetDependency */,
			);
			name = MemoriesTests;
			productName = MemoriesTests;
			productReference = 8A09880B268CCDAE00B8CBD0 /* MemoriesTests.xctest */;
			productType = "com.apple.product-type.bundle.unit-test";
		};
/* End PBXNativeTarget section */

/* Begin PBXProject section */
		8A0987ED268CCDAC00B8CBD0 /* Project object */ = {
			isa = PBXProject;
			attributes = {
				LastSwiftUpdateCheck = 1160;
				LastUpgradeCheck = 1160;
				ORGANIZATIONNAME = ELKANAHTECH_02;
				TargetAttributes = {
					8A0987F4268CCDAC00B8CBD0 = {
						CreatedOnToolsVersion = 11.6;
					};
					8A09880A268CCDAE00B8CBD0 = {
						CreatedOnToolsVersion = 11.6;
						TestTargetID = 8A0987F4268CCDAC00B8CBD0;
					};
				};
			};
			buildConfigurationList = 8A0987F0268CCDAC00B8CBD0 /* Build configuration list for PBXProject "Memories" */;
			compatibilityVersion = "Xcode 9.3";
			developmentRegion = en;
			hasScannedForEncodings = 0;
			knownRegions = (
				en,
				Base,
			);
			mainGroup = 8A0987EC268CCDAC00B8CBD0;
			productRefGroup = 8A0987F6268CCDAC00B8CBD0 /* Products */;
			projectDirPath = "";
			projectRoot = "";
			targets = (
				8A0987F4268CCDAC00B8CBD0 /* Memories */,
				8A09880A268CCDAE00B8CBD0 /* MemoriesTests */,
			);
		};
/* End PBXProject section */

/* Begin PBXResourcesBuildPhase section */
		8A0987F3268CCDAC00B8CBD0 /* Resources */ = {
			isa = PBXResourcesBuildPhase;
			buildActionMask = 2147483647;
			files = (
				8A098805268CCDAE00B8CBD0 /* LaunchScreen.storyboard in Resources */,
				8A098802268CCDAE00B8CBD0 /* Assets.xcassets in Resources */,
				8A098800268CCDAC00B8CBD0 /* Main.storyboard in Resources */,
			);
			runOnlyForDeploymentPostprocessing = 0;
		};
		8A098809268CCDAE00B8CBD0 /* Resources */ = {
			isa = PBXResourcesBuildPhase;
			buildActionMask = 2147483647;
			files = (
			);
			runOnlyForDeploymentPostprocessing = 0;
		};
/* End PBXResourcesBuildPhase section */

/* Begin PBXSourcesBuildPhase section */
		8A0987F1268CCDAC00B8CBD0 /* Sources */ = {
			isa = PBXSourcesBuildPhase;
			buildActionMask = 2147483647;
			files = (
				8A0987FD268CCDAC00B8CBD0 /* ViewController.swift in Sources */,
				8A0987F9268CCDAC00B8CBD0 /* AppDelegate.swift in Sources */,
				8A0987FB268CCDAC00B8CBD0 /* SceneDelegate.swift in Sources */,
			);
			runOnlyForDeploymentPostprocessing = 0;
		};
		8A098807268CCDAE00B8CBD0 /* Sources */ = {
			isa = PBXSourcesBuildPhase;
			buildActionMask = 2147483647;
			files = (
				8A098810268CCDAE00B8CBD0 /* MemoriesTests.swift in Sources */,
			);
			runOnlyForDeploymentPostprocessing = 0;
		};
/* End PBXSourcesBuildPhase section */

/* Begin PBXTargetDependency section */
		8A09880D268CCDAE00B8CBD0 /* PBXTargetDependency */ = {
			isa = PBXTargetDependency;
			target = 8A0987F4268CCDAC00B8CBD0 /* Memories */;
			targetProxy = 8A09880C268CCDAE00B8CBD0 /* PBXContainerItemProxy */;
		};
/* End PBXTargetDependency section */

/* Begin PBXVariantGroup section */
		8A0987FE268CCDAC00B8CBD0 /* Main.storyboard */ = {
			isa = PBXVariantGroup;
			children = (
				8A0987FF268CCDAC00B8CBD0 /* Base */,
			);
			name = Main.storyboard;
			sourceTree = "<group>";
		};
		8A098803268CCDAE00B8CBD0 /* LaunchScreen.storyboard */ = {
			isa = PBXVariantGroup;
			children = (
				8A098804268CCDAE00B8CBD0 /* Base */,
			);
			name = LaunchScreen.storyboard;
			sourceTree = "<group>";
		};
/* End PBXVariantGroup section */

/* Begin XCBuildConfiguration section */
		8A098812268CCDAE00B8CBD0 /* Debug */ = {
			isa = XCBuildConfiguration;
			buildSettings = {
				ALWAYS_SEARCH_USER_PATHS = NO;
				CLANG_ANALYZER_NONNULL = YES;
				CLANG_ANALYZER_NUMBER_OBJECT_CONVERSION = YES_AGGRESSIVE;
				CLANG_CXX_LANGUAGE_STANDARD = "gnu++14";
				CLANG_CXX_LIBRARY = "libc++";
				CLANG_ENABLE_MODULES = YES;
				CLANG_ENABLE_OBJC_ARC = YES;
				CLANG_ENABLE_OBJC_WEAK = YES;
				CLANG_WARN_BLOCK_CAPTURE_AUTORELEASING = YES;
				CLANG_WARN_BOOL_CONVERSION = YES;
				CLANG_WARN_COMMA = YES;
				CLANG_WARN_CONSTANT_CONVERSION = YES;
				CLANG_WARN_DEPRECATED_OBJC_IMPLEMENTATIONS = YES;
				CLANG_WARN_DIRECT_OBJC_ISA_USAGE = YES_ERROR;
				CLANG_WARN_DOCUMENTATION_COMMENTS = YES;
				CLANG_WARN_EMPTY_BODY = YES;
				CLANG_WARN_ENUM_CONVERSION = YES;
				CLANG_WARN_INFINITE_RECURSION = YES;
				CLANG_WARN_INT_CONVERSION = YES;
				CLANG_WARN_NON_LITERAL_NULL_CONVERSION = YES;
				CLANG_WARN_OBJC_IMPLICIT_RETAIN_SELF = YES;
				CLANG_WARN_OBJC_LITERAL_CONVERSION = YES;
				CLANG_WARN_OBJC_ROOT_CLASS = YES_ERROR;
				CLANG_WARN_RANGE_LOOP_ANALYSIS = YES;
				CLANG_WARN_STRICT_PROTOTYPES = YES;
				CLANG_WARN_SUSPICIOUS_MOVE = YES;
				CLANG_WARN_UNGUARDED_AVAILABILITY = YES_AGGRESSIVE;
				CLANG_WARN_UNREACHABLE_CODE = YES;
				CLANG_WARN__DUPLICATE_METHOD_MATCH = YES;
				COPY_PHASE_STRIP = NO;
				DEBUG_INFORMATION_FORMAT = dwarf;
				ENABLE_STRICT_OBJC_MSGSEND = YES;
				ENABLE_TESTABILITY = YES;
				GCC_C_LANGUAGE_STANDARD = gnu11;
				GCC_DYNAMIC_NO_PIC = NO;
				GCC_NO_COMMON_BLOCKS = YES;
				GCC_OPTIMIZATION_LEVEL = 0;
				GCC_PREPROCESSOR_DEFINITIONS = (
					"DEBUG=1",
					"$(inherited)",
				);
				GCC_WARN_64_TO_32_BIT_CONVERSION = YES;
				GCC_WARN_ABOUT_RETURN_TYPE = YES_ERROR;
				GCC_WARN_UNDECLARED_SELECTOR = YES;
				GCC_WARN_UNINITIALIZED_AUTOS = YES_AGGRESSIVE;
				GCC_WARN_UNUSED_FUNCTION = YES;
				GCC_WARN_UNUSED_VARIABLE = YES;
				IPHONEOS_DEPLOYMENT_TARGET = 13.6;
				MTL_ENABLE_DEBUG_INFO = INCLUDE_SOURCE;
				MTL_FAST_MATH = YES;
				ONLY_ACTIVE_ARCH = YES;
				SDKROOT = iphoneos;
				SWIFT_ACTIVE_COMPILATION_CONDITIONS = DEBUG;
				SWIFT_OPTIMIZATION_LEVEL = "-Onone";
			};
			name = Debug;
		};
		8A098813268CCDAE00B8CBD0 /* Release */ = {
			isa = XCBuildConfiguration;
			buildSettings = {
				ALWAYS_SEARCH_USER_PATHS = NO;
				CLANG_ANALYZER_NONNULL = YES;
				CLANG_ANALYZER_NUMBER_OBJECT_CONVERSION = YES_AGGRESSIVE;
				CLANG_CXX_LANGUAGE_STANDARD = "gnu++14";
				CLANG_CXX_LIBRARY = "libc++";
				CLANG_ENABLE_MODULES = YES;
				CLANG_ENABLE_OBJC_ARC = YES;
				CLANG_ENABLE_OBJC_WEAK = YES;
				CLANG_WARN_BLOCK_CAPTURE_AUTORELEASING = YES;
				CLANG_WARN_BOOL_CONVERSION = YES;
				CLANG_WARN_COMMA = YES;
				CLANG_WARN_CONSTANT_CONVERSION = YES;
				CLANG_WARN_DEPRECATED_OBJC_IMPLEMENTATIONS = YES;
				CLANG_WARN_DIRECT_OBJC_ISA_USAGE = YES_ERROR;
				CLANG_WARN_DOCUMENTATION_COMMENTS = YES;
				CLANG_WARN_EMPTY_BODY = YES;
				CLANG_WARN_ENUM_CONVERSION = YES;
				CLANG_WARN_INFINITE_RECURSION = YES;
				CLANG_WARN_INT_CONVERSION = YES;
				CLANG_WARN_NON_LITERAL_NULL_CONVERSION = YES;
				CLANG_WARN_OBJC_IMPLICIT_RETAIN_SELF = YES;
				CLANG_WARN_OBJC_LITERAL_CONVERSION = YES;
				CLANG_WARN_OBJC_ROOT_CLASS = YES_ERROR;
				CLANG_WARN_RANGE_LOOP_ANALYSIS = YES;
				CLANG_WARN_STRICT_PROTOTYPES = YES;
				CLANG_WARN_SUSPICIOUS_MOVE = YES;
				CLANG_WARN_UNGUARDED_AVAILABILITY = YES_AGGRESSIVE;
				CLANG_WARN_UNREACHABLE_CODE = YES;
				CLANG_WARN__DUPLICATE_METHOD_MATCH = YES;
				COPY_PHASE_STRIP = NO;
				DEBUG_INFORMATION_FORMAT = "dwarf-with-dsym";
				ENABLE_NS_ASSERTIONS = NO;
				ENABLE_STRICT_OBJC_MSGSEND = YES;
				GCC_C_LANGUAGE_STANDARD = gnu11;
				GCC_NO_COMMON_BLOCKS = YES;
				GCC_WARN_64_TO_32_BIT_CONVERSION = YES;
				GCC_WARN_ABOUT_RETURN_TYPE = YES_ERROR;
				GCC_WARN_UNDECLARED_SELECTOR = YES;
				GCC_WARN_UNINITIALIZED_AUTOS = YES_AGGRESSIVE;
				GCC_WARN_UNUSED_FUNCTION = YES;
				GCC_WARN_UNUSED_VARIABLE = YES;
				IPHONEOS_DEPLOYMENT_TARGET = 13.6;
				MTL_ENABLE_DEBUG_INFO = NO;
				MTL_FAST_MATH = YES;
				SDKROOT = iphoneos;
				SWIFT_COMPILATION_MODE = wholemodule;
				SWIFT_OPTIMIZATION_LEVEL = "-O";
				VALIDATE_PRODUCT = YES;
			};
			name = Release;
		};
		8A098815268CCDAE00B8CBD0 /* Debug */ = {
			isa = XCBuildConfiguration;
			buildSettings = {
				ASSETCATALOG_COMPILER_APPICON_NAME = AppIcon;
				CODE_SIGN_STYLE = Automatic;
				DEVELOPMENT_TEAM = 76ZUPUS9RC;
				INFOPLIST_FILE = Memories/Info.plist;
				LD_RUNPATH_SEARCH_PATHS = (
					"$(inherited)",
					"@executable_path/Frameworks",
				);
				PRODUCT_BUNDLE_IDENTIFIER = elkanahtech.Memories;
				PRODUCT_NAME = "$(TARGET_NAME)";
				SWIFT_VERSION = 5.0;
				TARGETED_DEVICE_FAMILY = "1,2";
			};
			name = Debug;
		};
		8A098816268CCDAE00B8CBD0 /* Release */ = {
			isa = XCBuildConfiguration;
			buildSettings = {
				ASSETCATALOG_COMPILER_APPICON_NAME = AppIcon;
				CODE_SIGN_STYLE = Automatic;
				DEVELOPMENT_TEAM = 76ZUPUS9RC;
				INFOPLIST_FILE = Memories/Info.plist;
				LD_RUNPATH_SEARCH_PATHS = (
					"$(inherited)",
					"@executable_path/Frameworks",
				);
				PRODUCT_BUNDLE_IDENTIFIER = elkanahtech.Memories;
				PRODUCT_NAME = "$(TARGET_NAME)";
				SWIFT_VERSION = 5.0;
				TARGETED_DEVICE_FAMILY = "1,2";
			};
			name = Release;
		};
		8A098818268CCDAE00B8CBD0 /* Debug */ = {
			isa = XCBuildConfiguration;
			buildSettings = {
				ALWAYS_EMBED_SWIFT_STANDARD_LIBRARIES = YES;
				BUNDLE_LOADER = "$(TEST_HOST)";
				CODE_SIGN_STYLE = Automatic;
				DEVELOPMENT_TEAM = 76ZUPUS9RC;
				INFOPLIST_FILE = MemoriesTests/Info.plist;
				IPHONEOS_DEPLOYMENT_TARGET = 13.6;
				LD_RUNPATH_SEARCH_PATHS = (
					"$(inherited)",
					"@executable_path/Frameworks",
					"@loader_path/Frameworks",
				);
				PRODUCT_BUNDLE_IDENTIFIER = elkanahtech.MemoriesTests;
				PRODUCT_NAME = "$(TARGET_NAME)";
				SWIFT_VERSION = 5.0;
				TARGETED_DEVICE_FAMILY = "1,2";
				TEST_HOST = "$(BUILT_PRODUCTS_DIR)/Memories.app/Memories";
			};
			name = Debug;
		};
		8A098819268CCDAE00B8CBD0 /* Release */ = {
			isa = XCBuildConfiguration;
			buildSettings = {
				ALWAYS_EMBED_SWIFT_STANDARD_LIBRARIES = YES;
				BUNDLE_LOADER = "$(TEST_HOST)";
				CODE_SIGN_STYLE = Automatic;
				DEVELOPMENT_TEAM = 76ZUPUS9RC;
				INFOPLIST_FILE = MemoriesTests/Info.plist;
				IPHONEOS_DEPLOYMENT_TARGET = 13.6;
				LD_RUNPATH_SEARCH_PATHS = (
					"$(inherited)",
					"@executable_path/Frameworks",
					"@loader_path/Frameworks",
				);
				PRODUCT_BUNDLE_IDENTIFIER = elkanahtech.MemoriesTests;
				PRODUCT_NAME = "$(TARGET_NAME)";
				SWIFT_VERSION = 5.0;
				TARGETED_DEVICE_FAMILY = "1,2";
				TEST_HOST = "$(BUILT_PRODUCTS_DIR)/Memories.app/Memories";
			};
			name = Release;
		};
/* End XCBuildConfiguration section */

/* Begin XCConfigurationList section */
		8A0987F0268CCDAC00B8CBD0 /* Build configuration list for PBXProject "Memories" */ = {
			isa = XCConfigurationList;
			buildConfigurations = (
				8A098812268CCDAE00B8CBD0 /* Debug */,
				8A098813268CCDAE00B8CBD0 /* Release */,
			);
			defaultConfigurationIsVisible = 0;
			defaultConfigurationName = Release;
		};
		8A098814268CCDAE00B8CBD0 /* Build configuration list for PBXNativeTarget "Memories" */ = {
			isa = XCConfigurationList;
			buildConfigurations = (
				8A098815268CCDAE00B8CBD0 /* Debug */,
				8A098816268CCDAE00B8CBD0 /* Release */,
			);
			defaultConfigurationIsVisible = 0;
			defaultConfigurationName = Release;
		};
		8A098817268CCDAE00B8CBD0 /* Build configuration list for PBXNativeTarget "MemoriesTests" */ = {
			isa = XCConfigurationList;
			buildConfigurations = (
				8A098818268CCDAE00B8CBD0 /* Debug */,
				8A098819268CCDAE00B8CBD0 /* Release */,
			);
			defaultConfigurationIsVisible = 0;
			defaultConfigurationName = Release;
		};
/* End XCConfigurationList section */
	};
	rootObject = 8A0987ED268CCDAC00B8CBD0 /* Project object */;
}
